
Microsoft Visual Studio Solution File, Format Version 12.00
# Visual Studio 15
VisualStudioVersion = 15.0.28307.136
MinimumVisualStudioVersion = 10.0.40219.1
Project("{9A19103F-16F7-4668-BE54-9A1E7A4F7556}") = "OnlineLibraryManagementSystem.Web", "OnlineLibraryManagementSystem.Web\OnlineLibraryManagementSystem.Web.csproj", "{078929D7-BE25-4CF7-B404-13160AB34DF2}"
EndProject
Project("{9A19103F-16F7-4668-BE54-9A1E7A4F7556}") = "OnlineLibraryManagementSystem.Data", "OnlineLibraryManagementSystem.Data\OnlineLibraryManagementSystem.Data.csproj", "{7609AD66-553C-40A8-9541-E31C4A452B59}"
EndProject
Project("{9A19103F-16F7-4668-BE54-9A1E7A4F7556}") = "OnlineLibraryManagementSystem.Models", "OnlineLibraryManagementSystem.Models\OnlineLibraryManagementSystem.Models.csproj", "{DE97A35D-17E5-458F-9A7D-C1618F8B8E42}"
EndProject
Project("{9A19103F-16F7-4668-BE54-9A1E7A4F7556}") = "OnlineLibraryManagementSystem.Common", "OnlineLibraryManagementSystem.Common\OnlineLibraryManagementSystem.Common.csproj", "{91BC8C91-5F95-47B4-83A7-AFAA844156FE}"
EndProject
Project("{9A19103F-16F7-4668-BE54-9A1E7A4F7556}") = "OnlineLibraryManagementSystem.Services", "OnlineLibraryManagementSystem.Services\OnlineLibraryManagementSystem.Services.csproj", "{64BAA0DA-4BD1-4E07-BBA6-F794C035E3FC}"
EndProject
Project("{FAE04EC0-301F-11D3-BF4B-00C04F79EFBC}") = "OnlineLibraryManagementSystem.Tests", "OnlineLibraryManagementSystem.Tests\OnlineLibraryManagementSystem.Tests.csproj", "{6C018D5E-DA4C-4035-B044-668C2EF8F076}"
EndProject
Global
	GlobalSection(SolutionConfigurationPlatforms) = preSolution
		Debug|Any CPU = Debug|Any CPU
		Release|Any CPU = Release|Any CPU
	EndGlobalSection
	GlobalSection(ProjectConfigurationPlatforms) = postSolution
		{078929D7-BE25-4CF7-B404-13160AB34DF2}.Debug|Any CPU.ActiveCfg = Debug|Any CPU
		{078929D7-BE25-4CF7-B404-13160AB34DF2}.Debug|Any CPU.Build.0 = Debug|Any CPU
		{078929D7-BE25-4CF7-B404-13160AB34DF2}.Release|Any CPU.ActiveCfg = Release|Any CPU
		{078929D7-BE25-4CF7-B404-13160AB34DF2}.Release|Any CPU.Build.0 = Release|Any CPU
		{7609AD66-553C-40A8-9541-E31C4A452B59}.Debug|Any CPU.ActiveCfg = Debug|Any CPU
		{7609AD66-553C-40A8-9541-E31C4A452B59}.Debug|Any CPU.Build.0 = Debug|Any CPU
		{7609AD66-553C-40A8-9541-E31C4A452B59}.Release|Any CPU.ActiveCfg = Release|Any CPU
		{7609AD66-553C-40A8-9541-E31C4A452B59}.Release|Any CPU.Build.0 = Release|Any CPU
		{DE97A35D-17E5-458F-9A7D-C1618F8B8E42}.Debug|Any CPU.ActiveCfg = Debug|Any CPU
		{DE97A35D-17E5-458F-9A7D-C1618F8B8E42}.Debug|Any CPU.Build.0 = Debug|Any CPU
		{DE97A35D-17E5-458F-9A7D-C1618F8B8E42}.Release|Any CPU.ActiveCfg = Release|Any CPU
		{DE97A35D-17E5-458F-9A7D-C1618F8B8E42}.Release|Any CPU.Build.0 = Release|Any CPU
		{91BC8C91-5F95-47B4-83A7-AFAA844156FE}.Debug|Any CPU.ActiveCfg = Debug|Any CPU
		{91BC8C91-5F95-47B4-83A7-AFAA844156FE}.Debug|Any CPU.Build.0 = Debug|Any CPU
		{91BC8C91-5F95-47B4-83A7-AFAA844156FE}.Release|Any CPU.ActiveCfg = Release|Any CPU
		{91BC8C91-5F95-47B4-83A7-AFAA844156FE}.Release|Any CPU.Build.0 = Release|Any CPU
		{64BAA0DA-4BD1-4E07-BBA6-F794C035E3FC}.Debug|Any CPU.ActiveCfg = Debug|Any CPU
		{64BAA0DA-4BD1-4E07-BBA6-F794C035E3FC}.Debug|Any CPU.Build.0 = Debug|Any CPU
		{64BAA0DA-4BD1-4E07-BBA6-F794C035E3FC}.Release|Any CPU.ActiveCfg = Release|Any CPU
		{64BAA0DA-4BD1-4E07-BBA6-F794C035E3FC}.Release|Any CPU.Build.0 = Release|Any CPU
		{6C018D5E-DA4C-4035-B044-668C2EF8F076}.Debug|Any CPU.ActiveCfg = Debug|Any CPU
		{6C018D5E-DA4C-4035-B044-668C2EF8F076}.Debug|Any CPU.Build.0 = Debug|Any CPU
		{6C018D5E-DA4C-4035-B044-668C2EF8F076}.Release|Any CPU.ActiveCfg = Release|Any CPU
		{6C018D5E-DA4C-4035-B044-668C2EF8F076}.Release|Any CPU.Build.0 = Release|Any CPU
	EndGlobalSection
	GlobalSection(SolutionProperties) = preSolution
		HideSolutionNode = FALSE
	EndGlobalSection
	GlobalSection(ExtensibilityGlobals) = postSolution
		SolutionGuid = {639F098F-3B60-4DC2-BF0B-29F7F52219DC}
	EndGlobalSection
EndGlobal
